# THIS IS AN AUTOGENERATED FILE. DO NOT EDIT THIS FILE DIRECTLY.
# yarn lockfile v1


babylonjs@^5.3.0:
  version "5.3.0"
  resolved "https://registry.yarnpkg.com/babylonjs/-/babylonjs-5.3.0.tgz#c37a496b3f7946ed057d38bfe7b71efbeaf8a424"
  integrity sha512-gzauToc9ymfxFXh/EhKD6bEYMrOqPpw6BX2E4UhN+bj+t/80dM+PWzGMsUio6njRIQvB4Lk06m7bDV0rmtcp9Q==
